
Microsoft Visual Studio Solution File, Format Version 12.00
# Visual Studio Version 17
VisualStudioVersion = 17.0.32112.339
MinimumVisualStudioVersion = 10.0.40219.1
Project("{FAE04EC0-301F-11D3-BF4B-00C04F79EFBC}") = "Amonic", "Amonic\Amonic.csproj", "{9C5C72D7-1105-4854-8650-3B381C64A7BB}"
EndProject
Global
	GlobalSection(SolutionConfigurationPlatforms) = preSolution
		Debug|Any CPU = Debug|Any CPU
		Release|Any CPU = Release|Any CPU
	EndGlobalSection
	GlobalSection(ProjectConfigurationPlatforms) = postSolution
		{9C5C72D7-1105-4854-8650-3B381C64A7BB}.Debug|Any CPU.ActiveCfg = Debug|Any CPU
		{9C5C72D7-1105-4854-8650-3B381C64A7BB}.Debug|Any CPU.Build.0 = Debug|Any CPU
		{9C5C72D7-1105-4854-8650-3B381C64A7BB}.Release|Any CPU.ActiveCfg = Release|Any CPU
		{9C5C72D7-1105-4854-8650-3B381C64A7BB}.Release|Any CPU.Build.0 = Release|Any CPU
	EndGlobalSection
	GlobalSection(SolutionProperties) = preSolution
		HideSolutionNode = FALSE
	EndGlobalSection
	GlobalSection(ExtensibilityGlobals) = postSolution
		SolutionGuid = {F9A34D58-D3E8-4FCE-A6F1-778FBDBA58D7}
	EndGlobalSection
EndGlobal
